
Microsoft Visual Studio Solution File, Format Version 12.00
# Visual Studio Version 17
VisualStudioVersion = 17.2.32602.215
MinimumVisualStudioVersion = 10.0.40219.1
Project("{2150E333-8FDC-42A3-9474-1A3956D46DE8}") = "01 框架核心层", "01 框架核心层", "{8D2E75B2-DBAD-43EC-81A2-7B50DB400E93}"
EndProject
Project("{9A19103F-16F7-4668-BE54-9A1E7A4F7556}") = "YiSha.Util", "YiSha.Util\YiSha.Util.csproj", "{6340012D-47A8-4880-884C-6038B0D2CF02}"
EndProject
Project("{9A19103F-16F7-4668-BE54-9A1E7A4F7556}") = "YiSha.Enum", "YiSha.Enum\YiSha.Enum.csproj", "{2432166A-3EED-4369-BB53-8C0E483EB547}"
EndProject
Project("{9A19103F-16F7-4668-BE54-9A1E7A4F7556}") = "YiSha.Cache", "YiSha.Cache\YiSha.Cache.csproj", "{6AE5B0D2-F092-47B2-868D-8F83023791BB}"
EndProject
Project("{9A19103F-16F7-4668-BE54-9A1E7A4F7556}") = "YiSha.DataBase", "YiSha.DataBase\YiSha.DataBase.csproj", "{718BE581-927B-443A-9D0A-A7933214F56E}"
EndProject
Project("{2150E333-8FDC-42A3-9474-1A3956D46DE8}") = "02 框架数据层", "02 框架数据层", "{A2015F70-2929-40EC-A2E1-88108CA90316}"
EndProject
Project("{9A19103F-16F7-4668-BE54-9A1E7A4F7556}") = "YiSha.Common", "YiSha.Common\YiSha.Common.csproj", "{667DEFE5-6AD5-452A-BAAD-7EFE97D6D0DC}"
EndProject
Project("{9A19103F-16F7-4668-BE54-9A1E7A4F7556}") = "YiSha.Entity", "YiSha.Entity\YiSha.Entity.csproj", "{E5BB18A0-D663-4611-855E-EB7CB516E739}"
EndProject
Project("{2150E333-8FDC-42A3-9474-1A3956D46DE8}") = "03 业务逻辑层", "03 业务逻辑层", "{283948F1-48FF-4328-A3DD-07344C7AFF43}"
EndProject
Project("{9A19103F-16F7-4668-BE54-9A1E7A4F7556}") = "YiSha.Model", "YiSha.Model\YiSha.Model.csproj", "{DC301E40-41D5-4F40-8030-5B5D2774AA7C}"
EndProject
Project("{2150E333-8FDC-42A3-9474-1A3956D46DE8}") = "04 网站前端", "04 网站前端", "{733D2669-1EC3-4570-A2AA-655C5250E103}"
EndProject
Project("{9A19103F-16F7-4668-BE54-9A1E7A4F7556}") = "YiSha.Admin.Web", "YiSha.Admin.Web\YiSha.Admin.Web.csproj", "{06F9BBCA-932B-4AB1-940C-E604AC82FA0F}"
EndProject
Project("{9A19103F-16F7-4668-BE54-9A1E7A4F7556}") = "YiSha.Admin.WebApi", "YiSha.Admin.WebApi\YiSha.Admin.WebApi.csproj", "{984AE6BE-0519-4BAA-A133-7DCB4050DF15}"
EndProject
Global
	GlobalSection(SolutionConfigurationPlatforms) = preSolution
		Debug|Any CPU = Debug|Any CPU
		Debug|iPhone = Debug|iPhone
		Debug|iPhoneSimulator = Debug|iPhoneSimulator
		Release|Any CPU = Release|Any CPU
		Release|iPhone = Release|iPhone
		Release|iPhoneSimulator = Release|iPhoneSimulator
	EndGlobalSection
	GlobalSection(ProjectConfigurationPlatforms) = postSolution
		{6340012D-47A8-4880-884C-6038B0D2CF02}.Debug|Any CPU.ActiveCfg = Debug|Any CPU
		{6340012D-47A8-4880-884C-6038B0D2CF02}.Debug|Any CPU.Build.0 = Debug|Any CPU
		{6340012D-47A8-4880-884C-6038B0D2CF02}.Debug|iPhone.ActiveCfg = Debug|Any CPU
		{6340012D-47A8-4880-884C-6038B0D2CF02}.Debug|iPhone.Build.0 = Debug|Any CPU
		{6340012D-47A8-4880-884C-6038B0D2CF02}.Debug|iPhoneSimulator.ActiveCfg = Debug|Any CPU
		{6340012D-47A8-4880-884C-6038B0D2CF02}.Debug|iPhoneSimulator.Build.0 = Debug|Any CPU
		{6340012D-47A8-4880-884C-6038B0D2CF02}.Release|Any CPU.ActiveCfg = Release|Any CPU
		{6340012D-47A8-4880-884C-6038B0D2CF02}.Release|Any CPU.Build.0 = Release|Any CPU
		{6340012D-47A8-4880-884C-6038B0D2CF02}.Release|iPhone.ActiveCfg = Release|Any CPU
		{6340012D-47A8-4880-884C-6038B0D2CF02}.Release|iPhone.Build.0 = Release|Any CPU
		{6340012D-47A8-4880-884C-6038B0D2CF02}.Release|iPhoneSimulator.ActiveCfg = Release|Any CPU
		{6340012D-47A8-4880-884C-6038B0D2CF02}.Release|iPhoneSimulator.Build.0 = Release|Any CPU
		{2432166A-3EED-4369-BB53-8C0E483EB547}.Debug|Any CPU.ActiveCfg = Debug|Any CPU
		{2432166A-3EED-4369-BB53-8C0E483EB547}.Debug|Any CPU.Build.0 = Debug|Any CPU
		{2432166A-3EED-4369-BB53-8C0E483EB547}.Debug|iPhone.ActiveCfg = Debug|Any CPU
		{2432166A-3EED-4369-BB53-8C0E483EB547}.Debug|iPhone.Build.0 = Debug|Any CPU
		{2432166A-3EED-4369-BB53-8C0E483EB547}.Debug|iPhoneSimulator.ActiveCfg = Debug|Any CPU
		{2432166A-3EED-4369-BB53-8C0E483EB547}.Debug|iPhoneSimulator.Build.0 = Debug|Any CPU
		{2432166A-3EED-4369-BB53-8C0E483EB547}.Release|Any CPU.ActiveCfg = Release|Any CPU
		{2432166A-3EED-4369-BB53-8C0E483EB547}.Release|Any CPU.Build.0 = Release|Any CPU
		{2432166A-3EED-4369-BB53-8C0E483EB547}.Release|iPhone.ActiveCfg = Release|Any CPU
		{2432166A-3EED-4369-BB53-8C0E483EB547}.Release|iPhone.Build.0 = Release|Any CPU
		{2432166A-3EED-4369-BB53-8C0E483EB547}.Release|iPhoneSimulator.ActiveCfg = Release|Any CPU
		{2432166A-3EED-4369-BB53-8C0E483EB547}.Release|iPhoneSimulator.Build.0 = Release|Any CPU
		{6AE5B0D2-F092-47B2-868D-8F83023791BB}.Debug|Any CPU.ActiveCfg = Debug|Any CPU
		{6AE5B0D2-F092-47B2-868D-8F83023791BB}.Debug|Any CPU.Build.0 = Debug|Any CPU
		{6AE5B0D2-F092-47B2-868D-8F83023791BB}.Debug|iPhone.ActiveCfg = Debug|Any CPU
		{6AE5B0D2-F092-47B2-868D-8F83023791BB}.Debug|iPhone.Build.0 = Debug|Any CPU
		{6AE5B0D2-F092-47B2-868D-8F83023791BB}.Debug|iPhoneSimulator.ActiveCfg = Debug|Any CPU
		{6AE5B0D2-F092-47B2-868D-8F83023791BB}.Debug|iPhoneSimulator.Build.0 = Debug|Any CPU
		{6AE5B0D2-F092-47B2-868D-8F83023791BB}.Release|Any CPU.ActiveCfg = Release|Any CPU
		{6AE5B0D2-F092-47B2-868D-8F83023791BB}.Release|Any CPU.Build.0 = Release|Any CPU
		{6AE5B0D2-F092-47B2-868D-8F83023791BB}.Release|iPhone.ActiveCfg = Release|Any CPU
		{6AE5B0D2-F092-47B2-868D-8F83023791BB}.Release|iPhone.Build.0 = Release|Any CPU
		{6AE5B0D2-F092-47B2-868D-8F83023791BB}.Release|iPhoneSimulator.ActiveCfg = Release|Any CPU
		{6AE5B0D2-F092-47B2-868D-8F83023791BB}.Release|iPhoneSimulator.Build.0 = Release|Any CPU
		{718BE581-927B-443A-9D0A-A7933214F56E}.Debug|Any CPU.ActiveCfg = Debug|Any CPU
		{718BE581-927B-443A-9D0A-A7933214F56E}.Debug|Any CPU.Build.0 = Debug|Any CPU
		{718BE581-927B-443A-9D0A-A7933214F56E}.Debug|iPhone.ActiveCfg = Debug|Any CPU
		{718BE581-927B-443A-9D0A-A7933214F56E}.Debug|iPhone.Build.0 = Debug|Any CPU
		{718BE581-927B-443A-9D0A-A7933214F56E}.Debug|iPhoneSimulator.ActiveCfg = Debug|Any CPU
		{718BE581-927B-443A-9D0A-A7933214F56E}.Debug|iPhoneSimulator.Build.0 = Debug|Any CPU
		{718BE581-927B-443A-9D0A-A7933214F56E}.Release|Any CPU.ActiveCfg = Release|Any CPU
		{718BE581-927B-443A-9D0A-A7933214F56E}.Release|Any CPU.Build.0 = Release|Any CPU
		{718BE581-927B-443A-9D0A-A7933214F56E}.Release|iPhone.ActiveCfg = Release|Any CPU
		{718BE581-927B-443A-9D0A-A7933214F56E}.Release|iPhone.Build.0 = Release|Any CPU
		{718BE581-927B-443A-9D0A-A7933214F56E}.Release|iPhoneSimulator.ActiveCfg = Release|Any CPU
		{718BE581-927B-443A-9D0A-A7933214F56E}.Release|iPhoneSimulator.Build.0 = Release|Any CPU
		{667DEFE5-6AD5-452A-BAAD-7EFE97D6D0DC}.Debug|Any CPU.ActiveCfg = Debug|Any CPU
		{667DEFE5-6AD5-452A-BAAD-7EFE97D6D0DC}.Debug|Any CPU.Build.0 = Debug|Any CPU
		{667DEFE5-6AD5-452A-BAAD-7EFE97D6D0DC}.Debug|iPhone.ActiveCfg = Debug|Any CPU
		{667DEFE5-6AD5-452A-BAAD-7EFE97D6D0DC}.Debug|iPhone.Build.0 = Debug|Any CPU
		{667DEFE5-6AD5-452A-BAAD-7EFE97D6D0DC}.Debug|iPhoneSimulator.ActiveCfg = Debug|Any CPU
		{667DEFE5-6AD5-452A-BAAD-7EFE97D6D0DC}.Debug|iPhoneSimulator.Build.0 = Debug|Any CPU
		{667DEFE5-6AD5-452A-BAAD-7EFE97D6D0DC}.Release|Any CPU.ActiveCfg = Release|Any CPU
		{667DEFE5-6AD5-452A-BAAD-7EFE97D6D0DC}.Release|Any CPU.Build.0 = Release|Any CPU
		{667DEFE5-6AD5-452A-BAAD-7EFE97D6D0DC}.Release|iPhone.ActiveCfg = Release|Any CPU
		{667DEFE5-6AD5-452A-BAAD-7EFE97D6D0DC}.Release|iPhone.Build.0 = Release|Any CPU
		{667DEFE5-6AD5-452A-BAAD-7EFE97D6D0DC}.Release|iPhoneSimulator.ActiveCfg = Release|Any CPU
		{667DEFE5-6AD5-452A-BAAD-7EFE97D6D0DC}.Release|iPhoneSimulator.Build.0 = Release|Any CPU
		{E5BB18A0-D663-4611-855E-EB7CB516E739}.Debug|Any CPU.ActiveCfg = Debug|Any CPU
		{E5BB18A0-D663-4611-855E-EB7CB516E739}.Debug|Any CPU.Build.0 = Debug|Any CPU
		{E5BB18A0-D663-4611-855E-EB7CB516E739}.Debug|iPhone.ActiveCfg = Debug|Any CPU
		{E5BB18A0-D663-4611-855E-EB7CB516E739}.Debug|iPhone.Build.0 = Debug|Any CPU
		{E5BB18A0-D663-4611-855E-EB7CB516E739}.Debug|iPhoneSimulator.ActiveCfg = Debug|Any CPU
		{E5BB18A0-D663-4611-855E-EB7CB516E739}.Debug|iPhoneSimulator.Build.0 = Debug|Any CPU
		{E5BB18A0-D663-4611-855E-EB7CB516E739}.Release|Any CPU.ActiveCfg = Release|Any CPU
		{E5BB18A0-D663-4611-855E-EB7CB516E739}.Release|Any CPU.Build.0 = Release|Any CPU
		{E5BB18A0-D663-4611-855E-EB7CB516E739}.Release|iPhone.ActiveCfg = Release|Any CPU
		{E5BB18A0-D663-4611-855E-EB7CB516E739}.Release|iPhone.Build.0 = Release|Any CPU
		{E5BB18A0-D663-4611-855E-EB7CB516E739}.Release|iPhoneSimulator.ActiveCfg = Release|Any CPU
		{E5BB18A0-D663-4611-855E-EB7CB516E739}.Release|iPhoneSimulator.Build.0 = Release|Any CPU
		{DC301E40-41D5-4F40-8030-5B5D2774AA7C}.Debug|Any CPU.ActiveCfg = Debug|Any CPU
		{DC301E40-41D5-4F40-8030-5B5D2774AA7C}.Debug|Any CPU.Build.0 = Debug|Any CPU
		{DC301E40-41D5-4F40-8030-5B5D2774AA7C}.Debug|iPhone.ActiveCfg = Debug|Any CPU
		{DC301E40-41D5-4F40-8030-5B5D2774AA7C}.Debug|iPhone.Build.0 = Debug|Any CPU
		{DC301E40-41D5-4F40-8030-5B5D2774AA7C}.Debug|iPhoneSimulator.ActiveCfg = Debug|Any CPU
		{DC301E40-41D5-4F40-8030-5B5D2774AA7C}.Debug|iPhoneSimulator.Build.0 = Debug|Any CPU
		{DC301E40-41D5-4F40-8030-5B5D2774AA7C}.Release|Any CPU.ActiveCfg = Release|Any CPU
		{DC301E40-41D5-4F40-8030-5B5D2774AA7C}.Release|Any CPU.Build.0 = Release|Any CPU
		{DC301E40-41D5-4F40-8030-5B5D2774AA7C}.Release|iPhone.ActiveCfg = Release|Any CPU
		{DC301E40-41D5-4F40-8030-5B5D2774AA7C}.Release|iPhone.Build.0 = Release|Any CPU
		{DC301E40-41D5-4F40-8030-5B5D2774AA7C}.Release|iPhoneSimulator.ActiveCfg = Release|Any CPU
		{DC301E40-41D5-4F40-8030-5B5D2774AA7C}.Release|iPhoneSimulator.Build.0 = Release|Any CPU
		{06F9BBCA-932B-4AB1-940C-E604AC82FA0F}.Debug|Any CPU.ActiveCfg = Debug|Any CPU
		{06F9BBCA-932B-4AB1-940C-E604AC82FA0F}.Debug|Any CPU.Build.0 = Debug|Any CPU
		{06F9BBCA-932B-4AB1-940C-E604AC82FA0F}.Debug|iPhone.ActiveCfg = Debug|Any CPU
		{06F9BBCA-932B-4AB1-940C-E604AC82FA0F}.Debug|iPhone.Build.0 = Debug|Any CPU
		{06F9BBCA-932B-4AB1-940C-E604AC82FA0F}.Debug|iPhoneSimulator.ActiveCfg = Debug|Any CPU
		{06F9BBCA-932B-4AB1-940C-E604AC82FA0F}.Debug|iPhoneSimulator.Build.0 = Debug|Any CPU
		{06F9BBCA-932B-4AB1-940C-E604AC82FA0F}.Release|Any CPU.ActiveCfg = Release|Any CPU
		{06F9BBCA-932B-4AB1-940C-E604AC82FA0F}.Release|Any CPU.Build.0 = Release|Any CPU
		{06F9BBCA-932B-4AB1-940C-E604AC82FA0F}.Release|iPhone.ActiveCfg = Release|Any CPU
		{06F9BBCA-932B-4AB1-940C-E604AC82FA0F}.Release|iPhone.Build.0 = Release|Any CPU
		{06F9BBCA-932B-4AB1-940C-E604AC82FA0F}.Release|iPhoneSimulator.ActiveCfg = Release|Any CPU
		{06F9BBCA-932B-4AB1-940C-E604AC82FA0F}.Release|iPhoneSimulator.Build.0 = Release|Any CPU
		{984AE6BE-0519-4BAA-A133-7DCB4050DF15}.Debug|Any CPU.ActiveCfg = Debug|Any CPU
		{984AE6BE-0519-4BAA-A133-7DCB4050DF15}.Debug|Any CPU.Build.0 = Debug|Any CPU
		{984AE6BE-0519-4BAA-A133-7DCB4050DF15}.Debug|iPhone.ActiveCfg = Debug|Any CPU
		{984AE6BE-0519-4BAA-A133-7DCB4050DF15}.Debug|iPhone.Build.0 = Debug|Any CPU
		{984AE6BE-0519-4BAA-A133-7DCB4050DF15}.Debug|iPhoneSimulator.ActiveCfg = Debug|Any CPU
		{984AE6BE-0519-4BAA-A133-7DCB4050DF15}.Debug|iPhoneSimulator.Build.0 = Debug|Any CPU
		{984AE6BE-0519-4BAA-A133-7DCB4050DF15}.Release|Any CPU.ActiveCfg = Release|Any CPU
		{984AE6BE-0519-4BAA-A133-7DCB4050DF15}.Release|Any CPU.Build.0 = Release|Any CPU
		{984AE6BE-0519-4BAA-A133-7DCB4050DF15}.Release|iPhone.ActiveCfg = Release|Any CPU
		{984AE6BE-0519-4BAA-A133-7DCB4050DF15}.Release|iPhone.Build.0 = Release|Any CPU
		{984AE6BE-0519-4BAA-A133-7DCB4050DF15}.Release|iPhoneSimulator.ActiveCfg = Release|Any CPU
		{984AE6BE-0519-4BAA-A133-7DCB4050DF15}.Release|iPhoneSimulator.Build.0 = Release|Any CPU
	EndGlobalSection
	GlobalSection(SolutionProperties) = preSolution
		HideSolutionNode = FALSE
	EndGlobalSection
	GlobalSection(NestedProjects) = preSolution
		{6340012D-47A8-4880-884C-6038B0D2CF02} = {8D2E75B2-DBAD-43EC-81A2-7B50DB400E93}
		{2432166A-3EED-4369-BB53-8C0E483EB547} = {283948F1-48FF-4328-A3DD-07344C7AFF43}
		{6AE5B0D2-F092-47B2-868D-8F83023791BB} = {8D2E75B2-DBAD-43EC-81A2-7B50DB400E93}
		{718BE581-927B-443A-9D0A-A7933214F56E} = {8D2E75B2-DBAD-43EC-81A2-7B50DB400E93}
		{667DEFE5-6AD5-452A-BAAD-7EFE97D6D0DC} = {A2015F70-2929-40EC-A2E1-88108CA90316}
		{E5BB18A0-D663-4611-855E-EB7CB516E739} = {A2015F70-2929-40EC-A2E1-88108CA90316}
		{DC301E40-41D5-4F40-8030-5B5D2774AA7C} = {283948F1-48FF-4328-A3DD-07344C7AFF43}
		{06F9BBCA-932B-4AB1-940C-E604AC82FA0F} = {733D2669-1EC3-4570-A2AA-655C5250E103}
		{984AE6BE-0519-4BAA-A133-7DCB4050DF15} = {733D2669-1EC3-4570-A2AA-655C5250E103}
	EndGlobalSection
	GlobalSection(ExtensibilityGlobals) = postSolution
		SolutionGuid = {4873C9CF-80BE-4949-BB7D-A1CA9E3BC77D}
	EndGlobalSection
EndGlobal
